
Microsoft Visual Studio Solution File, Format Version 12.00
# Visual Studio 2017
Project("{FAE04EC0-301F-11D3-BF4B-00C04F79EFBC}") = "envanterdeneme", "envanterdeneme.csproj", "{3E4ED909-B7AA-82A1-B60D-85B07CAD08E6}"
EndProject
Project("{FAE04EC0-301F-11D3-BF4B-00C04F79EFBC}") = "envanterdeneme.Plugins", "envanterdeneme.Plugins.csproj", "{F6C87013-36FA-410F-0DA6-B16A6969284B}"
EndProject
Project("{FAE04EC0-301F-11D3-BF4B-00C04F79EFBC}") = "envanterdeneme.Editor.Plugins", "envanterdeneme.Editor.Plugins.csproj", "{1E4F6DCF-BF59-C90F-6CDF-3ABE0B6FAE21}"
EndProject
Global
	GlobalSection(SolutionConfigurationPlatforms) = preSolution
		Debug|Any CPU = Debug|Any CPU
		Release|Any CPU = Release|Any CPU
	EndGlobalSection
	GlobalSection(ProjectConfigurationPlatforms) = postSolution
		{3E4ED909-B7AA-82A1-B60D-85B07CAD08E6}.Debug|Any CPU.ActiveCfg = Debug|Any CPU
		{3E4ED909-B7AA-82A1-B60D-85B07CAD08E6}.Debug|Any CPU.Build.0 = Debug|Any CPU
		{3E4ED909-B7AA-82A1-B60D-85B07CAD08E6}.Release|Any CPU.ActiveCfg = Release|Any CPU
		{3E4ED909-B7AA-82A1-B60D-85B07CAD08E6}.Release|Any CPU.Build.0 = Release|Any CPU
		{F6C87013-36FA-410F-0DA6-B16A6969284B}.Debug|Any CPU.ActiveCfg = Debug|Any CPU
		{F6C87013-36FA-410F-0DA6-B16A6969284B}.Debug|Any CPU.Build.0 = Debug|Any CPU
		{F6C87013-36FA-410F-0DA6-B16A6969284B}.Release|Any CPU.ActiveCfg = Release|Any CPU
		{F6C87013-36FA-410F-0DA6-B16A6969284B}.Release|Any CPU.Build.0 = Release|Any CPU
		{1E4F6DCF-BF59-C90F-6CDF-3ABE0B6FAE21}.Debug|Any CPU.ActiveCfg = Debug|Any CPU
		{1E4F6DCF-BF59-C90F-6CDF-3ABE0B6FAE21}.Debug|Any CPU.Build.0 = Debug|Any CPU
		{1E4F6DCF-BF59-C90F-6CDF-3ABE0B6FAE21}.Release|Any CPU.ActiveCfg = Release|Any CPU
		{1E4F6DCF-BF59-C90F-6CDF-3ABE0B6FAE21}.Release|Any CPU.Build.0 = Release|Any CPU
	EndGlobalSection
	GlobalSection(SolutionProperties) = preSolution
		HideSolutionNode = FALSE
	EndGlobalSection
EndGlobal
